
Microsoft Visual Studio Solution File, Format Version 12.00
# Visual Studio Version 17
VisualStudioVersion = 17.9.34701.34
MinimumVisualStudioVersion = 10.0.40219.1
Project("{8BC9CEB8-8B4A-11D0-8D11-00A0C91BC942}") = "SPG_Examen", "SPG_Examen\SPG_Examen.vcxproj", "{FAA807E7-029D-4264-9C1E-EFE2619ED70B}"
EndProject
Global
	GlobalSection(SolutionConfigurationPlatforms) = preSolution
		Debug|x64 = Debug|x64
		Debug|x86 = Debug|x86
		Release|x64 = Release|x64
		Release|x86 = Release|x86
	EndGlobalSection
	GlobalSection(ProjectConfigurationPlatforms) = postSolution
		{FAA807E7-029D-4264-9C1E-EFE2619ED70B}.Debug|x64.ActiveCfg = Debug|x64
		{FAA807E7-029D-4264-9C1E-EFE2619ED70B}.Debug|x64.Build.0 = Debug|x64
		{FAA807E7-029D-4264-9C1E-EFE2619ED70B}.Debug|x86.ActiveCfg = Debug|Win32
		{FAA807E7-029D-4264-9C1E-EFE2619ED70B}.Debug|x86.Build.0 = Debug|Win32
		{FAA807E7-029D-4264-9C1E-EFE2619ED70B}.Release|x64.ActiveCfg = Release|x64
		{FAA807E7-029D-4264-9C1E-EFE2619ED70B}.Release|x64.Build.0 = Release|x64
		{FAA807E7-029D-4264-9C1E-EFE2619ED70B}.Release|x86.ActiveCfg = Release|Win32
		{FAA807E7-029D-4264-9C1E-EFE2619ED70B}.Release|x86.Build.0 = Release|Win32
	EndGlobalSection
	GlobalSection(SolutionProperties) = preSolution
		HideSolutionNode = FALSE
	EndGlobalSection
	GlobalSection(ExtensibilityGlobals) = postSolution
		SolutionGuid = {4E5CDB71-173D-4146-B92D-20DCB8584594}
	EndGlobalSection
EndGlobal
